
Microsoft Visual Studio Solution File, Format Version 12.00
# Visual Studio 15
VisualStudioVersion = 15.0.26430.14
MinimumVisualStudioVersion = 10.0.40219.1
Project("{2150E333-8FDC-42A3-9474-1A3956D46DE8}") = "1.Creational", "1.Creational", "{80106499-354E-4DD1-8F03-EC9A0C2D6977}"
EndProject
Project("{8BC9CEB8-8B4A-11D0-8D11-00A0C91BC942}") = "2.Builder", "1.Creational\2.Builder\2.Builder.vcxproj", "{A7415CB2-B86E-4239-867A-94B7A288003F}"
EndProject
Project("{8BC9CEB8-8B4A-11D0-8D11-00A0C91BC942}") = "3.Factory.Method", "1.Creational\3.Factory.Method\3.Factory.Method.vcxproj", "{7D125A5E-6F4B-4F35-8D73-48503C20C8C4}"
EndProject
Project("{8BC9CEB8-8B4A-11D0-8D11-00A0C91BC942}") = "1.Abstract.Factory", "1.Creational\1.Abstract.Factory\1.Abstract.Factory.vcxproj", "{D236B6AE-4BD2-4F31-A5F3-7FA0BBBCCE6D}"
EndProject
Project("{8BC9CEB8-8B4A-11D0-8D11-00A0C91BC942}") = "4.Prototype", "1.Creational\4.Prototype\4.Prototype.vcxproj", "{3F3BE8BD-FD66-4670-8F92-05EE97123E8C}"
EndProject
Project("{8BC9CEB8-8B4A-11D0-8D11-00A0C91BC942}") = "5.Singleton", "1.Creational\5.Singleton\5.Singleton.vcxproj", "{F1A4926F-0B2B-4541-9D12-3E12356DF01D}"
EndProject
Project("{2150E333-8FDC-42A3-9474-1A3956D46DE8}") = "2.Structural", "2.Structural", "{343377FB-51B8-428B-BCB7-2B0D0C3EE65F}"
EndProject
Project("{8BC9CEB8-8B4A-11D0-8D11-00A0C91BC942}") = "1.Adapter", "2.Structural\1.Adapter\1.Adapter.vcxproj", "{E2E21E38-2BB5-47D4-AC0E-5EED9E4A26D7}"
EndProject
Global
	GlobalSection(SolutionConfigurationPlatforms) = preSolution
		Debug|x64 = Debug|x64
		Debug|x86 = Debug|x86
		Release|x64 = Release|x64
		Release|x86 = Release|x86
	EndGlobalSection
	GlobalSection(ProjectConfigurationPlatforms) = postSolution
		{A7415CB2-B86E-4239-867A-94B7A288003F}.Debug|x64.ActiveCfg = Debug|x64
		{A7415CB2-B86E-4239-867A-94B7A288003F}.Debug|x64.Build.0 = Debug|x64
		{A7415CB2-B86E-4239-867A-94B7A288003F}.Debug|x86.ActiveCfg = Debug|Win32
		{A7415CB2-B86E-4239-867A-94B7A288003F}.Debug|x86.Build.0 = Debug|Win32
		{A7415CB2-B86E-4239-867A-94B7A288003F}.Release|x64.ActiveCfg = Release|x64
		{A7415CB2-B86E-4239-867A-94B7A288003F}.Release|x64.Build.0 = Release|x64
		{A7415CB2-B86E-4239-867A-94B7A288003F}.Release|x86.ActiveCfg = Release|Win32
		{A7415CB2-B86E-4239-867A-94B7A288003F}.Release|x86.Build.0 = Release|Win32
		{7D125A5E-6F4B-4F35-8D73-48503C20C8C4}.Debug|x64.ActiveCfg = Debug|x64
		{7D125A5E-6F4B-4F35-8D73-48503C20C8C4}.Debug|x64.Build.0 = Debug|x64
		{7D125A5E-6F4B-4F35-8D73-48503C20C8C4}.Debug|x86.ActiveCfg = Debug|Win32
		{7D125A5E-6F4B-4F35-8D73-48503C20C8C4}.Debug|x86.Build.0 = Debug|Win32
		{7D125A5E-6F4B-4F35-8D73-48503C20C8C4}.Release|x64.ActiveCfg = Release|x64
		{7D125A5E-6F4B-4F35-8D73-48503C20C8C4}.Release|x64.Build.0 = Release|x64
		{7D125A5E-6F4B-4F35-8D73-48503C20C8C4}.Release|x86.ActiveCfg = Release|Win32
		{7D125A5E-6F4B-4F35-8D73-48503C20C8C4}.Release|x86.Build.0 = Release|Win32
		{D236B6AE-4BD2-4F31-A5F3-7FA0BBBCCE6D}.Debug|x64.ActiveCfg = Debug|x64
		{D236B6AE-4BD2-4F31-A5F3-7FA0BBBCCE6D}.Debug|x64.Build.0 = Debug|x64
		{D236B6AE-4BD2-4F31-A5F3-7FA0BBBCCE6D}.Debug|x86.ActiveCfg = Debug|Win32
		{D236B6AE-4BD2-4F31-A5F3-7FA0BBBCCE6D}.Debug|x86.Build.0 = Debug|Win32
		{D236B6AE-4BD2-4F31-A5F3-7FA0BBBCCE6D}.Release|x64.ActiveCfg = Release|x64
		{D236B6AE-4BD2-4F31-A5F3-7FA0BBBCCE6D}.Release|x64.Build.0 = Release|x64
		{D236B6AE-4BD2-4F31-A5F3-7FA0BBBCCE6D}.Release|x86.ActiveCfg = Release|Win32
		{D236B6AE-4BD2-4F31-A5F3-7FA0BBBCCE6D}.Release|x86.Build.0 = Release|Win32
		{3F3BE8BD-FD66-4670-8F92-05EE97123E8C}.Debug|x64.ActiveCfg = Debug|x64
		{3F3BE8BD-FD66-4670-8F92-05EE97123E8C}.Debug|x64.Build.0 = Debug|x64
		{3F3BE8BD-FD66-4670-8F92-05EE97123E8C}.Debug|x86.ActiveCfg = Debug|Win32
		{3F3BE8BD-FD66-4670-8F92-05EE97123E8C}.Debug|x86.Build.0 = Debug|Win32
		{3F3BE8BD-FD66-4670-8F92-05EE97123E8C}.Release|x64.ActiveCfg = Release|x64
		{3F3BE8BD-FD66-4670-8F92-05EE97123E8C}.Release|x64.Build.0 = Release|x64
		{3F3BE8BD-FD66-4670-8F92-05EE97123E8C}.Release|x86.ActiveCfg = Release|Win32
		{3F3BE8BD-FD66-4670-8F92-05EE97123E8C}.Release|x86.Build.0 = Release|Win32
		{F1A4926F-0B2B-4541-9D12-3E12356DF01D}.Debug|x64.ActiveCfg = Debug|x64
		{F1A4926F-0B2B-4541-9D12-3E12356DF01D}.Debug|x64.Build.0 = Debug|x64
		{F1A4926F-0B2B-4541-9D12-3E12356DF01D}.Debug|x86.ActiveCfg = Debug|Win32
		{F1A4926F-0B2B-4541-9D12-3E12356DF01D}.Debug|x86.Build.0 = Debug|Win32
		{F1A4926F-0B2B-4541-9D12-3E12356DF01D}.Release|x64.ActiveCfg = Release|x64
		{F1A4926F-0B2B-4541-9D12-3E12356DF01D}.Release|x64.Build.0 = Release|x64
		{F1A4926F-0B2B-4541-9D12-3E12356DF01D}.Release|x86.ActiveCfg = Release|Win32
		{F1A4926F-0B2B-4541-9D12-3E12356DF01D}.Release|x86.Build.0 = Release|Win32
		{E2E21E38-2BB5-47D4-AC0E-5EED9E4A26D7}.Debug|x64.ActiveCfg = Debug|x64
		{E2E21E38-2BB5-47D4-AC0E-5EED9E4A26D7}.Debug|x64.Build.0 = Debug|x64
		{E2E21E38-2BB5-47D4-AC0E-5EED9E4A26D7}.Debug|x86.ActiveCfg = Debug|Win32
		{E2E21E38-2BB5-47D4-AC0E-5EED9E4A26D7}.Debug|x86.Build.0 = Debug|Win32
		{E2E21E38-2BB5-47D4-AC0E-5EED9E4A26D7}.Release|x64.ActiveCfg = Release|x64
		{E2E21E38-2BB5-47D4-AC0E-5EED9E4A26D7}.Release|x64.Build.0 = Release|x64
		{E2E21E38-2BB5-47D4-AC0E-5EED9E4A26D7}.Release|x86.ActiveCfg = Release|Win32
		{E2E21E38-2BB5-47D4-AC0E-5EED9E4A26D7}.Release|x86.Build.0 = Release|Win32
	EndGlobalSection
	GlobalSection(SolutionProperties) = preSolution
		HideSolutionNode = FALSE
	EndGlobalSection
	GlobalSection(NestedProjects) = preSolution
		{A7415CB2-B86E-4239-867A-94B7A288003F} = {80106499-354E-4DD1-8F03-EC9A0C2D6977}
		{7D125A5E-6F4B-4F35-8D73-48503C20C8C4} = {80106499-354E-4DD1-8F03-EC9A0C2D6977}
		{D236B6AE-4BD2-4F31-A5F3-7FA0BBBCCE6D} = {80106499-354E-4DD1-8F03-EC9A0C2D6977}
		{3F3BE8BD-FD66-4670-8F92-05EE97123E8C} = {80106499-354E-4DD1-8F03-EC9A0C2D6977}
		{F1A4926F-0B2B-4541-9D12-3E12356DF01D} = {80106499-354E-4DD1-8F03-EC9A0C2D6977}
		{E2E21E38-2BB5-47D4-AC0E-5EED9E4A26D7} = {343377FB-51B8-428B-BCB7-2B0D0C3EE65F}
	EndGlobalSection
EndGlobal
