
Microsoft Visual Studio Solution File, Format Version 12.00
# Visual Studio 15
VisualStudioVersion = 15.0.26430.14
MinimumVisualStudioVersion = 10.0.40219.1
Project("{2150E333-8FDC-42A3-9474-1A3956D46DE8}") = "1.Creational", "1.Creational", "{80106499-354E-4DD1-8F03-EC9A0C2D6977}"
EndProject
Project("{2150E333-8FDC-42A3-9474-1A3956D46DE8}") = "2.Structural", "2.Structural", "{343377FB-51B8-428B-BCB7-2B0D0C3EE65F}"
EndProject
Project("{8BC9CEB8-8B4A-11D0-8D11-00A0C91BC942}") = "1.1.Abstract.Factory", "1.Creational\1.1.Abstract.Factory\Abstract.Factory.vcxproj", "{D236B6AE-4BD2-4F31-A5F3-7FA0BBBCCE6D}"
EndProject
Project("{8BC9CEB8-8B4A-11D0-8D11-00A0C91BC942}") = "1.2.Builder", "1.Creational\1.2.Builder\Builder.vcxproj", "{A7415CB2-B86E-4239-867A-94B7A288003F}"
EndProject
Project("{8BC9CEB8-8B4A-11D0-8D11-00A0C91BC942}") = "1.3.Factory.Method", "1.Creational\1.3.Factory.Method\Factory.Method.vcxproj", "{7D125A5E-6F4B-4F35-8D73-48503C20C8C4}"
EndProject
Project("{8BC9CEB8-8B4A-11D0-8D11-00A0C91BC942}") = "1.4.Prototype", "1.Creational\1.4.Prototype\Prototype.vcxproj", "{3F3BE8BD-FD66-4670-8F92-05EE97123E8C}"
EndProject
Project("{8BC9CEB8-8B4A-11D0-8D11-00A0C91BC942}") = "1.5.Singleton", "1.Creational\1.5.Singleton\Singleton.vcxproj", "{F1A4926F-0B2B-4541-9D12-3E12356DF01D}"
EndProject
Project("{8BC9CEB8-8B4A-11D0-8D11-00A0C91BC942}") = "2.1.Adapter", "2.Structural\2.1.Adapter\Adapter.vcxproj", "{E2E21E38-2BB5-47D4-AC0E-5EED9E4A26D7}"
EndProject
Project("{8BC9CEB8-8B4A-11D0-8D11-00A0C91BC942}") = "2.2.Bridge", "2.Structural\2.2.Bridge\Bridge.vcxproj", "{8917CC10-7210-443E-BAF0-573A292A8B93}"
EndProject
Project("{8BC9CEB8-8B4A-11D0-8D11-00A0C91BC942}") = "2.3.Composite", "2.Structural\2.3.Composite\Composite.vcxproj", "{4CA8A7CD-8599-4EC4-8581-A6131C2185B0}"
EndProject
Project("{8BC9CEB8-8B4A-11D0-8D11-00A0C91BC942}") = "2.4.Decorator", "2.Structural\2.4.Decorator\Decorator.vcxproj", "{0B089546-213A-4345-815C-7DC9DE7CBD5B}"
EndProject
Project("{8BC9CEB8-8B4A-11D0-8D11-00A0C91BC942}") = "2.5.Facade", "2.Structural\2.5.Facade\Facade.vcxproj", "{3D1D14B1-BC90-4332-B7E6-C87D47FEE395}"
EndProject
Project("{8BC9CEB8-8B4A-11D0-8D11-00A0C91BC942}") = "2.6.Flyweight", "2.Structural\2.6.Flyweight\Flyweight.vcxproj", "{9C51A203-6EC7-43DE-A28F-F249688A618F}"
EndProject
Project("{8BC9CEB8-8B4A-11D0-8D11-00A0C91BC942}") = "2.7.Proxy", "2.Structural\2.7.Proxy\Proxy.vcxproj", "{109D0597-65CA-4DDE-BD18-BE6E5632C2D4}"
EndProject
Project("{2150E333-8FDC-42A3-9474-1A3956D46DE8}") = "3.Behavioral", "3.Behavioral", "{154F334C-15C5-4884-99B7-1CAF456B0D90}"
EndProject
Project("{8BC9CEB8-8B4A-11D0-8D11-00A0C91BC942}") = "3.1.Chain.Of.Responsibility", "3.Behavioral\3.1.Chain.Of.Responsibility\Chain.Of.Responsibility.vcxproj", "{79A8151D-0C6F-4791-836F-5A64AEFC9BAB}"
EndProject
Project("{8BC9CEB8-8B4A-11D0-8D11-00A0C91BC942}") = "3.2.Command(not clear)", "3.Behavioral\3.2.Command\Command.vcxproj", "{46FF31A9-44CE-4CFA-A754-8E2680E1FD5D}"
EndProject
Project("{8BC9CEB8-8B4A-11D0-8D11-00A0C91BC942}") = "3.3.Interpreter", "3.Behavioral\3.3.Interpreter\Interpreter.vcxproj", "{49158F07-AC5C-4724-9FEE-C5B54F2AFB01}"
EndProject
Project("{888888A0-9F3D-457C-B088-3A5042F75D52}") = "3.3.Interpreter.python", "3.Behavioral\3.3.Interpreter.python\3.3.Interpreter.python.pyproj", "{B5EA6856-56DE-43A1-8098-5CF3F13D98E9}"
EndProject
Project("{FAE04EC0-301F-11D3-BF4B-00C04F79EFBC}") = "3.4.Iterator.cs", "3.Behavioral\3.4.Iterator.cs\3.4.Iterator.cs.csproj", "{EA84425B-A5D8-4E94-BE6C-580F6B61AEAA}"
EndProject
Project("{888888A0-9F3D-457C-B088-3A5042F75D52}") = "3.4.Iterator.python", "3.Behavioral\3.4.Iterator.python\3.4.Iterator.python.pyproj", "{6C03EFE6-64BB-4427-804E-3F08FE0D68D1}"
EndProject
Project("{8BC9CEB8-8B4A-11D0-8D11-00A0C91BC942}") = "3.4.Iterator", "3.Behavioral\3.4.Iterator\Iterator.vcxproj", "{D090F48F-FA95-433B-AF8C-E8001213CE22}"
EndProject
Project("{8BC9CEB8-8B4A-11D0-8D11-00A0C91BC942}") = "3.5.Mediator", "3.Behavioral\3.5.Mediator\Mediator.vcxproj", "{39A55A62-F9D1-4CBB-9C47-537994142260}"
EndProject
Project("{FAE04EC0-301F-11D3-BF4B-00C04F79EFBC}") = "3.5.Mediator.cs", "3.Behavioral\3.5.Mediator.cs\3.5.Mediator.cs.csproj", "{DF9E6CD1-8801-4F2D-9582-242269EFC69C}"
EndProject
Project("{888888A0-9F3D-457C-B088-3A5042F75D52}") = "3.5.Mediator.python", "3.Behavioral\3.5.Mediator.python\3.5.Mediator.python.pyproj", "{05110A58-BF59-44C8-8256-6602E8976A82}"
EndProject
Project("{FAE04EC0-301F-11D3-BF4B-00C04F79EFBC}") = "3.6.Memento.cs", "3.Behavioral\3.6.Memento.cs\3.6.Memento.cs.csproj", "{E197B153-D04F-4A2A-ADF4-B384F53301F0}"
EndProject
Project("{8BC9CEB8-8B4A-11D0-8D11-00A0C91BC942}") = "3.6.Memento.cpp", "3.Behavioral\3.6.Memento.cpp\Memento.cpp.vcxproj", "{B01B903C-4DA3-4CEE-8EED-F5B3DD8DF567}"
EndProject
Project("{FAE04EC0-301F-11D3-BF4B-00C04F79EFBC}") = "3.7.Observer.cs", "3.Behavioral\3.7.Observer.cs\3.7.Observer.cs.csproj", "{3CD9A86B-12C9-4383-A13E-B35C347F00C8}"
EndProject
Project("{8BC9CEB8-8B4A-11D0-8D11-00A0C91BC942}") = "3.7.Observer.cpp", "3.Behavioral\3.7.Observer.cpp\Observer.cpp.vcxproj", "{31474A3B-A7E4-424A-A85D-476359882582}"
EndProject
Project("{FAE04EC0-301F-11D3-BF4B-00C04F79EFBC}") = "3.8.State.cs", "3.Behavioral\3.8.State.cs\3.8.State.cs.csproj", "{5C9B11DD-4276-4F68-A7F7-FFC24C743571}"
EndProject
Project("{8BC9CEB8-8B4A-11D0-8D11-00A0C91BC942}") = "3.8.State.cpp", "3.Behavioral\3.8.State.cpp\State.cpp.vcxproj", "{DD79CAB3-A6C7-4A64-973D-4283C63F798C}"
EndProject
Project("{FAE04EC0-301F-11D3-BF4B-00C04F79EFBC}") = "3.9.Strategy.cs", "3.Behavioral\3.9.Strategy.cs\3.9.Strategy.cs.csproj", "{70EB7690-C6EE-479B-9284-10E8C64A51B0}"
EndProject
Project("{8BC9CEB8-8B4A-11D0-8D11-00A0C91BC942}") = "3.9.Strategy.cpp", "3.Behavioral\3.9.Strategy.cpp\Strategy.cpp.vcxproj", "{30FCD8B8-E8F1-439D-867A-1AC0A8531CB2}"
EndProject
Project("{FAE04EC0-301F-11D3-BF4B-00C04F79EFBC}") = "3.10.Template.Method.cs", "3.Behavioral\3.10.Template.Method.cs\3.10.Template.Method.cs.csproj", "{3E3898A0-876A-412C-85AE-2DA33E5B394D}"
EndProject
Project("{8BC9CEB8-8B4A-11D0-8D11-00A0C91BC942}") = "3.10.Template.Method.cpp", "3.Behavioral\3.10.Template.Method.cpp\Template.Method.cpp.vcxproj", "{8C091214-A000-44CA-86EB-B7ABE4F19408}"
EndProject
Project("{FAE04EC0-301F-11D3-BF4B-00C04F79EFBC}") = "3.11.Visitor.cs", "3.Behavioral\3.11.Visitor.cs\3.11.Visitor.cs.csproj", "{9D21438A-21D5-4F69-9531-E5547EDB10BB}"
EndProject
Project("{8BC9CEB8-8B4A-11D0-8D11-00A0C91BC942}") = "3.11.Visitor.cpp", "3.Behavioral\3.11.Visitor.cpp\Visitor.cpp.vcxproj", "{87E407B4-5356-4FC7-A194-C5362CE905AD}"
EndProject
Global
	GlobalSection(SolutionConfigurationPlatforms) = preSolution
		Debug|Any CPU = Debug|Any CPU
		Debug|x64 = Debug|x64
		Debug|x86 = Debug|x86
		Release|Any CPU = Release|Any CPU
		Release|x64 = Release|x64
		Release|x86 = Release|x86
	EndGlobalSection
	GlobalSection(ProjectConfigurationPlatforms) = postSolution
		{D236B6AE-4BD2-4F31-A5F3-7FA0BBBCCE6D}.Debug|Any CPU.ActiveCfg = Debug|Win32
		{D236B6AE-4BD2-4F31-A5F3-7FA0BBBCCE6D}.Debug|x64.ActiveCfg = Debug|x64
		{D236B6AE-4BD2-4F31-A5F3-7FA0BBBCCE6D}.Debug|x64.Build.0 = Debug|x64
		{D236B6AE-4BD2-4F31-A5F3-7FA0BBBCCE6D}.Debug|x86.ActiveCfg = Debug|Win32
		{D236B6AE-4BD2-4F31-A5F3-7FA0BBBCCE6D}.Debug|x86.Build.0 = Debug|Win32
		{D236B6AE-4BD2-4F31-A5F3-7FA0BBBCCE6D}.Release|Any CPU.ActiveCfg = Release|Win32
		{D236B6AE-4BD2-4F31-A5F3-7FA0BBBCCE6D}.Release|x64.ActiveCfg = Release|x64
		{D236B6AE-4BD2-4F31-A5F3-7FA0BBBCCE6D}.Release|x64.Build.0 = Release|x64
		{D236B6AE-4BD2-4F31-A5F3-7FA0BBBCCE6D}.Release|x86.ActiveCfg = Release|Win32
		{D236B6AE-4BD2-4F31-A5F3-7FA0BBBCCE6D}.Release|x86.Build.0 = Release|Win32
		{A7415CB2-B86E-4239-867A-94B7A288003F}.Debug|Any CPU.ActiveCfg = Debug|Win32
		{A7415CB2-B86E-4239-867A-94B7A288003F}.Debug|x64.ActiveCfg = Debug|x64
		{A7415CB2-B86E-4239-867A-94B7A288003F}.Debug|x64.Build.0 = Debug|x64
		{A7415CB2-B86E-4239-867A-94B7A288003F}.Debug|x86.ActiveCfg = Debug|Win32
		{A7415CB2-B86E-4239-867A-94B7A288003F}.Debug|x86.Build.0 = Debug|Win32
		{A7415CB2-B86E-4239-867A-94B7A288003F}.Release|Any CPU.ActiveCfg = Release|Win32
		{A7415CB2-B86E-4239-867A-94B7A288003F}.Release|x64.ActiveCfg = Release|x64
		{A7415CB2-B86E-4239-867A-94B7A288003F}.Release|x64.Build.0 = Release|x64
		{A7415CB2-B86E-4239-867A-94B7A288003F}.Release|x86.ActiveCfg = Release|Win32
		{A7415CB2-B86E-4239-867A-94B7A288003F}.Release|x86.Build.0 = Release|Win32
		{7D125A5E-6F4B-4F35-8D73-48503C20C8C4}.Debug|Any CPU.ActiveCfg = Debug|Win32
		{7D125A5E-6F4B-4F35-8D73-48503C20C8C4}.Debug|x64.ActiveCfg = Debug|x64
		{7D125A5E-6F4B-4F35-8D73-48503C20C8C4}.Debug|x64.Build.0 = Debug|x64
		{7D125A5E-6F4B-4F35-8D73-48503C20C8C4}.Debug|x86.ActiveCfg = Debug|Win32
		{7D125A5E-6F4B-4F35-8D73-48503C20C8C4}.Debug|x86.Build.0 = Debug|Win32
		{7D125A5E-6F4B-4F35-8D73-48503C20C8C4}.Release|Any CPU.ActiveCfg = Release|Win32
		{7D125A5E-6F4B-4F35-8D73-48503C20C8C4}.Release|x64.ActiveCfg = Release|x64
		{7D125A5E-6F4B-4F35-8D73-48503C20C8C4}.Release|x64.Build.0 = Release|x64
		{7D125A5E-6F4B-4F35-8D73-48503C20C8C4}.Release|x86.ActiveCfg = Release|Win32
		{7D125A5E-6F4B-4F35-8D73-48503C20C8C4}.Release|x86.Build.0 = Release|Win32
		{3F3BE8BD-FD66-4670-8F92-05EE97123E8C}.Debug|Any CPU.ActiveCfg = Debug|Win32
		{3F3BE8BD-FD66-4670-8F92-05EE97123E8C}.Debug|x64.ActiveCfg = Debug|x64
		{3F3BE8BD-FD66-4670-8F92-05EE97123E8C}.Debug|x64.Build.0 = Debug|x64
		{3F3BE8BD-FD66-4670-8F92-05EE97123E8C}.Debug|x86.ActiveCfg = Debug|Win32
		{3F3BE8BD-FD66-4670-8F92-05EE97123E8C}.Debug|x86.Build.0 = Debug|Win32
		{3F3BE8BD-FD66-4670-8F92-05EE97123E8C}.Release|Any CPU.ActiveCfg = Release|Win32
		{3F3BE8BD-FD66-4670-8F92-05EE97123E8C}.Release|x64.ActiveCfg = Release|x64
		{3F3BE8BD-FD66-4670-8F92-05EE97123E8C}.Release|x64.Build.0 = Release|x64
		{3F3BE8BD-FD66-4670-8F92-05EE97123E8C}.Release|x86.ActiveCfg = Release|Win32
		{3F3BE8BD-FD66-4670-8F92-05EE97123E8C}.Release|x86.Build.0 = Release|Win32
		{F1A4926F-0B2B-4541-9D12-3E12356DF01D}.Debug|Any CPU.ActiveCfg = Debug|Win32
		{F1A4926F-0B2B-4541-9D12-3E12356DF01D}.Debug|x64.ActiveCfg = Debug|x64
		{F1A4926F-0B2B-4541-9D12-3E12356DF01D}.Debug|x64.Build.0 = Debug|x64
		{F1A4926F-0B2B-4541-9D12-3E12356DF01D}.Debug|x86.ActiveCfg = Debug|Win32
		{F1A4926F-0B2B-4541-9D12-3E12356DF01D}.Debug|x86.Build.0 = Debug|Win32
		{F1A4926F-0B2B-4541-9D12-3E12356DF01D}.Release|Any CPU.ActiveCfg = Release|Win32
		{F1A4926F-0B2B-4541-9D12-3E12356DF01D}.Release|x64.ActiveCfg = Release|x64
		{F1A4926F-0B2B-4541-9D12-3E12356DF01D}.Release|x64.Build.0 = Release|x64
		{F1A4926F-0B2B-4541-9D12-3E12356DF01D}.Release|x86.ActiveCfg = Release|Win32
		{F1A4926F-0B2B-4541-9D12-3E12356DF01D}.Release|x86.Build.0 = Release|Win32
		{E2E21E38-2BB5-47D4-AC0E-5EED9E4A26D7}.Debug|Any CPU.ActiveCfg = Debug|Win32
		{E2E21E38-2BB5-47D4-AC0E-5EED9E4A26D7}.Debug|x64.ActiveCfg = Debug|x64
		{E2E21E38-2BB5-47D4-AC0E-5EED9E4A26D7}.Debug|x64.Build.0 = Debug|x64
		{E2E21E38-2BB5-47D4-AC0E-5EED9E4A26D7}.Debug|x86.ActiveCfg = Debug|Win32
		{E2E21E38-2BB5-47D4-AC0E-5EED9E4A26D7}.Debug|x86.Build.0 = Debug|Win32
		{E2E21E38-2BB5-47D4-AC0E-5EED9E4A26D7}.Release|Any CPU.ActiveCfg = Release|Win32
		{E2E21E38-2BB5-47D4-AC0E-5EED9E4A26D7}.Release|x64.ActiveCfg = Release|x64
		{E2E21E38-2BB5-47D4-AC0E-5EED9E4A26D7}.Release|x64.Build.0 = Release|x64
		{E2E21E38-2BB5-47D4-AC0E-5EED9E4A26D7}.Release|x86.ActiveCfg = Release|Win32
		{E2E21E38-2BB5-47D4-AC0E-5EED9E4A26D7}.Release|x86.Build.0 = Release|Win32
		{8917CC10-7210-443E-BAF0-573A292A8B93}.Debug|Any CPU.ActiveCfg = Debug|Win32
		{8917CC10-7210-443E-BAF0-573A292A8B93}.Debug|x64.ActiveCfg = Debug|x64
		{8917CC10-7210-443E-BAF0-573A292A8B93}.Debug|x64.Build.0 = Debug|x64
		{8917CC10-7210-443E-BAF0-573A292A8B93}.Debug|x86.ActiveCfg = Debug|Win32
		{8917CC10-7210-443E-BAF0-573A292A8B93}.Debug|x86.Build.0 = Debug|Win32
		{8917CC10-7210-443E-BAF0-573A292A8B93}.Release|Any CPU.ActiveCfg = Release|Win32
		{8917CC10-7210-443E-BAF0-573A292A8B93}.Release|x64.ActiveCfg = Release|x64
		{8917CC10-7210-443E-BAF0-573A292A8B93}.Release|x64.Build.0 = Release|x64
		{8917CC10-7210-443E-BAF0-573A292A8B93}.Release|x86.ActiveCfg = Release|Win32
		{8917CC10-7210-443E-BAF0-573A292A8B93}.Release|x86.Build.0 = Release|Win32
		{4CA8A7CD-8599-4EC4-8581-A6131C2185B0}.Debug|Any CPU.ActiveCfg = Debug|Win32
		{4CA8A7CD-8599-4EC4-8581-A6131C2185B0}.Debug|x64.ActiveCfg = Debug|x64
		{4CA8A7CD-8599-4EC4-8581-A6131C2185B0}.Debug|x64.Build.0 = Debug|x64
		{4CA8A7CD-8599-4EC4-8581-A6131C2185B0}.Debug|x86.ActiveCfg = Debug|Win32
		{4CA8A7CD-8599-4EC4-8581-A6131C2185B0}.Debug|x86.Build.0 = Debug|Win32
		{4CA8A7CD-8599-4EC4-8581-A6131C2185B0}.Release|Any CPU.ActiveCfg = Release|Win32
		{4CA8A7CD-8599-4EC4-8581-A6131C2185B0}.Release|x64.ActiveCfg = Release|x64
		{4CA8A7CD-8599-4EC4-8581-A6131C2185B0}.Release|x64.Build.0 = Release|x64
		{4CA8A7CD-8599-4EC4-8581-A6131C2185B0}.Release|x86.ActiveCfg = Release|Win32
		{4CA8A7CD-8599-4EC4-8581-A6131C2185B0}.Release|x86.Build.0 = Release|Win32
		{0B089546-213A-4345-815C-7DC9DE7CBD5B}.Debug|Any CPU.ActiveCfg = Debug|Win32
		{0B089546-213A-4345-815C-7DC9DE7CBD5B}.Debug|x64.ActiveCfg = Debug|x64
		{0B089546-213A-4345-815C-7DC9DE7CBD5B}.Debug|x64.Build.0 = Debug|x64
		{0B089546-213A-4345-815C-7DC9DE7CBD5B}.Debug|x86.ActiveCfg = Debug|Win32
		{0B089546-213A-4345-815C-7DC9DE7CBD5B}.Debug|x86.Build.0 = Debug|Win32
		{0B089546-213A-4345-815C-7DC9DE7CBD5B}.Release|Any CPU.ActiveCfg = Release|Win32
		{0B089546-213A-4345-815C-7DC9DE7CBD5B}.Release|x64.ActiveCfg = Release|x64
		{0B089546-213A-4345-815C-7DC9DE7CBD5B}.Release|x64.Build.0 = Release|x64
		{0B089546-213A-4345-815C-7DC9DE7CBD5B}.Release|x86.ActiveCfg = Release|Win32
		{0B089546-213A-4345-815C-7DC9DE7CBD5B}.Release|x86.Build.0 = Release|Win32
		{3D1D14B1-BC90-4332-B7E6-C87D47FEE395}.Debug|Any CPU.ActiveCfg = Debug|Win32
		{3D1D14B1-BC90-4332-B7E6-C87D47FEE395}.Debug|x64.ActiveCfg = Debug|x64
		{3D1D14B1-BC90-4332-B7E6-C87D47FEE395}.Debug|x64.Build.0 = Debug|x64
		{3D1D14B1-BC90-4332-B7E6-C87D47FEE395}.Debug|x86.ActiveCfg = Debug|Win32
		{3D1D14B1-BC90-4332-B7E6-C87D47FEE395}.Debug|x86.Build.0 = Debug|Win32
		{3D1D14B1-BC90-4332-B7E6-C87D47FEE395}.Release|Any CPU.ActiveCfg = Release|Win32
		{3D1D14B1-BC90-4332-B7E6-C87D47FEE395}.Release|x64.ActiveCfg = Release|x64
		{3D1D14B1-BC90-4332-B7E6-C87D47FEE395}.Release|x64.Build.0 = Release|x64
		{3D1D14B1-BC90-4332-B7E6-C87D47FEE395}.Release|x86.ActiveCfg = Release|Win32
		{3D1D14B1-BC90-4332-B7E6-C87D47FEE395}.Release|x86.Build.0 = Release|Win32
		{9C51A203-6EC7-43DE-A28F-F249688A618F}.Debug|Any CPU.ActiveCfg = Debug|Win32
		{9C51A203-6EC7-43DE-A28F-F249688A618F}.Debug|x64.ActiveCfg = Debug|x64
		{9C51A203-6EC7-43DE-A28F-F249688A618F}.Debug|x64.Build.0 = Debug|x64
		{9C51A203-6EC7-43DE-A28F-F249688A618F}.Debug|x86.ActiveCfg = Debug|Win32
		{9C51A203-6EC7-43DE-A28F-F249688A618F}.Debug|x86.Build.0 = Debug|Win32
		{9C51A203-6EC7-43DE-A28F-F249688A618F}.Release|Any CPU.ActiveCfg = Release|Win32
		{9C51A203-6EC7-43DE-A28F-F249688A618F}.Release|x64.ActiveCfg = Release|x64
		{9C51A203-6EC7-43DE-A28F-F249688A618F}.Release|x64.Build.0 = Release|x64
		{9C51A203-6EC7-43DE-A28F-F249688A618F}.Release|x86.ActiveCfg = Release|Win32
		{9C51A203-6EC7-43DE-A28F-F249688A618F}.Release|x86.Build.0 = Release|Win32
		{109D0597-65CA-4DDE-BD18-BE6E5632C2D4}.Debug|Any CPU.ActiveCfg = Debug|Win32
		{109D0597-65CA-4DDE-BD18-BE6E5632C2D4}.Debug|x64.ActiveCfg = Debug|x64
		{109D0597-65CA-4DDE-BD18-BE6E5632C2D4}.Debug|x64.Build.0 = Debug|x64
		{109D0597-65CA-4DDE-BD18-BE6E5632C2D4}.Debug|x86.ActiveCfg = Debug|Win32
		{109D0597-65CA-4DDE-BD18-BE6E5632C2D4}.Debug|x86.Build.0 = Debug|Win32
		{109D0597-65CA-4DDE-BD18-BE6E5632C2D4}.Release|Any CPU.ActiveCfg = Release|Win32
		{109D0597-65CA-4DDE-BD18-BE6E5632C2D4}.Release|x64.ActiveCfg = Release|x64
		{109D0597-65CA-4DDE-BD18-BE6E5632C2D4}.Release|x64.Build.0 = Release|x64
		{109D0597-65CA-4DDE-BD18-BE6E5632C2D4}.Release|x86.ActiveCfg = Release|Win32
		{109D0597-65CA-4DDE-BD18-BE6E5632C2D4}.Release|x86.Build.0 = Release|Win32
		{79A8151D-0C6F-4791-836F-5A64AEFC9BAB}.Debug|Any CPU.ActiveCfg = Debug|Win32
		{79A8151D-0C6F-4791-836F-5A64AEFC9BAB}.Debug|x64.ActiveCfg = Debug|x64
		{79A8151D-0C6F-4791-836F-5A64AEFC9BAB}.Debug|x64.Build.0 = Debug|x64
		{79A8151D-0C6F-4791-836F-5A64AEFC9BAB}.Debug|x86.ActiveCfg = Debug|Win32
		{79A8151D-0C6F-4791-836F-5A64AEFC9BAB}.Debug|x86.Build.0 = Debug|Win32
		{79A8151D-0C6F-4791-836F-5A64AEFC9BAB}.Release|Any CPU.ActiveCfg = Release|Win32
		{79A8151D-0C6F-4791-836F-5A64AEFC9BAB}.Release|x64.ActiveCfg = Release|x64
		{79A8151D-0C6F-4791-836F-5A64AEFC9BAB}.Release|x64.Build.0 = Release|x64
		{79A8151D-0C6F-4791-836F-5A64AEFC9BAB}.Release|x86.ActiveCfg = Release|Win32
		{79A8151D-0C6F-4791-836F-5A64AEFC9BAB}.Release|x86.Build.0 = Release|Win32
		{46FF31A9-44CE-4CFA-A754-8E2680E1FD5D}.Debug|Any CPU.ActiveCfg = Debug|Win32
		{46FF31A9-44CE-4CFA-A754-8E2680E1FD5D}.Debug|x64.ActiveCfg = Debug|x64
		{46FF31A9-44CE-4CFA-A754-8E2680E1FD5D}.Debug|x64.Build.0 = Debug|x64
		{46FF31A9-44CE-4CFA-A754-8E2680E1FD5D}.Debug|x86.ActiveCfg = Debug|Win32
		{46FF31A9-44CE-4CFA-A754-8E2680E1FD5D}.Debug|x86.Build.0 = Debug|Win32
		{46FF31A9-44CE-4CFA-A754-8E2680E1FD5D}.Release|Any CPU.ActiveCfg = Release|Win32
		{46FF31A9-44CE-4CFA-A754-8E2680E1FD5D}.Release|x64.ActiveCfg = Release|x64
		{46FF31A9-44CE-4CFA-A754-8E2680E1FD5D}.Release|x64.Build.0 = Release|x64
		{46FF31A9-44CE-4CFA-A754-8E2680E1FD5D}.Release|x86.ActiveCfg = Release|Win32
		{46FF31A9-44CE-4CFA-A754-8E2680E1FD5D}.Release|x86.Build.0 = Release|Win32
		{49158F07-AC5C-4724-9FEE-C5B54F2AFB01}.Debug|Any CPU.ActiveCfg = Debug|Win32
		{49158F07-AC5C-4724-9FEE-C5B54F2AFB01}.Debug|x64.ActiveCfg = Debug|x64
		{49158F07-AC5C-4724-9FEE-C5B54F2AFB01}.Debug|x64.Build.0 = Debug|x64
		{49158F07-AC5C-4724-9FEE-C5B54F2AFB01}.Debug|x86.ActiveCfg = Debug|Win32
		{49158F07-AC5C-4724-9FEE-C5B54F2AFB01}.Debug|x86.Build.0 = Debug|Win32
		{49158F07-AC5C-4724-9FEE-C5B54F2AFB01}.Release|Any CPU.ActiveCfg = Release|Win32
		{49158F07-AC5C-4724-9FEE-C5B54F2AFB01}.Release|x64.ActiveCfg = Release|x64
		{49158F07-AC5C-4724-9FEE-C5B54F2AFB01}.Release|x64.Build.0 = Release|x64
		{49158F07-AC5C-4724-9FEE-C5B54F2AFB01}.Release|x86.ActiveCfg = Release|Win32
		{49158F07-AC5C-4724-9FEE-C5B54F2AFB01}.Release|x86.Build.0 = Release|Win32
		{B5EA6856-56DE-43A1-8098-5CF3F13D98E9}.Debug|Any CPU.ActiveCfg = Debug|Any CPU
		{B5EA6856-56DE-43A1-8098-5CF3F13D98E9}.Debug|x64.ActiveCfg = Debug|Any CPU
		{B5EA6856-56DE-43A1-8098-5CF3F13D98E9}.Debug|x86.ActiveCfg = Debug|Any CPU
		{B5EA6856-56DE-43A1-8098-5CF3F13D98E9}.Release|Any CPU.ActiveCfg = Release|Any CPU
		{B5EA6856-56DE-43A1-8098-5CF3F13D98E9}.Release|x64.ActiveCfg = Release|Any CPU
		{B5EA6856-56DE-43A1-8098-5CF3F13D98E9}.Release|x86.ActiveCfg = Release|Any CPU
		{EA84425B-A5D8-4E94-BE6C-580F6B61AEAA}.Debug|Any CPU.ActiveCfg = Debug|Any CPU
		{EA84425B-A5D8-4E94-BE6C-580F6B61AEAA}.Debug|Any CPU.Build.0 = Debug|Any CPU
		{EA84425B-A5D8-4E94-BE6C-580F6B61AEAA}.Debug|x64.ActiveCfg = Debug|Any CPU
		{EA84425B-A5D8-4E94-BE6C-580F6B61AEAA}.Debug|x64.Build.0 = Debug|Any CPU
		{EA84425B-A5D8-4E94-BE6C-580F6B61AEAA}.Debug|x86.ActiveCfg = Debug|Any CPU
		{EA84425B-A5D8-4E94-BE6C-580F6B61AEAA}.Debug|x86.Build.0 = Debug|Any CPU
		{EA84425B-A5D8-4E94-BE6C-580F6B61AEAA}.Release|Any CPU.ActiveCfg = Release|Any CPU
		{EA84425B-A5D8-4E94-BE6C-580F6B61AEAA}.Release|Any CPU.Build.0 = Release|Any CPU
		{EA84425B-A5D8-4E94-BE6C-580F6B61AEAA}.Release|x64.ActiveCfg = Release|Any CPU
		{EA84425B-A5D8-4E94-BE6C-580F6B61AEAA}.Release|x64.Build.0 = Release|Any CPU
		{EA84425B-A5D8-4E94-BE6C-580F6B61AEAA}.Release|x86.ActiveCfg = Release|Any CPU
		{EA84425B-A5D8-4E94-BE6C-580F6B61AEAA}.Release|x86.Build.0 = Release|Any CPU
		{6C03EFE6-64BB-4427-804E-3F08FE0D68D1}.Debug|Any CPU.ActiveCfg = Debug|Any CPU
		{6C03EFE6-64BB-4427-804E-3F08FE0D68D1}.Debug|x64.ActiveCfg = Debug|Any CPU
		{6C03EFE6-64BB-4427-804E-3F08FE0D68D1}.Debug|x86.ActiveCfg = Debug|Any CPU
		{6C03EFE6-64BB-4427-804E-3F08FE0D68D1}.Release|Any CPU.ActiveCfg = Release|Any CPU
		{6C03EFE6-64BB-4427-804E-3F08FE0D68D1}.Release|x64.ActiveCfg = Release|Any CPU
		{6C03EFE6-64BB-4427-804E-3F08FE0D68D1}.Release|x86.ActiveCfg = Release|Any CPU
		{D090F48F-FA95-433B-AF8C-E8001213CE22}.Debug|Any CPU.ActiveCfg = Debug|Win32
		{D090F48F-FA95-433B-AF8C-E8001213CE22}.Debug|x64.ActiveCfg = Debug|x64
		{D090F48F-FA95-433B-AF8C-E8001213CE22}.Debug|x64.Build.0 = Debug|x64
		{D090F48F-FA95-433B-AF8C-E8001213CE22}.Debug|x86.ActiveCfg = Debug|Win32
		{D090F48F-FA95-433B-AF8C-E8001213CE22}.Debug|x86.Build.0 = Debug|Win32
		{D090F48F-FA95-433B-AF8C-E8001213CE22}.Release|Any CPU.ActiveCfg = Release|Win32
		{D090F48F-FA95-433B-AF8C-E8001213CE22}.Release|x64.ActiveCfg = Release|x64
		{D090F48F-FA95-433B-AF8C-E8001213CE22}.Release|x64.Build.0 = Release|x64
		{D090F48F-FA95-433B-AF8C-E8001213CE22}.Release|x86.ActiveCfg = Release|Win32
		{D090F48F-FA95-433B-AF8C-E8001213CE22}.Release|x86.Build.0 = Release|Win32
		{39A55A62-F9D1-4CBB-9C47-537994142260}.Debug|Any CPU.ActiveCfg = Debug|Win32
		{39A55A62-F9D1-4CBB-9C47-537994142260}.Debug|x64.ActiveCfg = Debug|x64
		{39A55A62-F9D1-4CBB-9C47-537994142260}.Debug|x64.Build.0 = Debug|x64
		{39A55A62-F9D1-4CBB-9C47-537994142260}.Debug|x86.ActiveCfg = Debug|Win32
		{39A55A62-F9D1-4CBB-9C47-537994142260}.Debug|x86.Build.0 = Debug|Win32
		{39A55A62-F9D1-4CBB-9C47-537994142260}.Release|Any CPU.ActiveCfg = Release|Win32
		{39A55A62-F9D1-4CBB-9C47-537994142260}.Release|x64.ActiveCfg = Release|x64
		{39A55A62-F9D1-4CBB-9C47-537994142260}.Release|x64.Build.0 = Release|x64
		{39A55A62-F9D1-4CBB-9C47-537994142260}.Release|x86.ActiveCfg = Release|Win32
		{39A55A62-F9D1-4CBB-9C47-537994142260}.Release|x86.Build.0 = Release|Win32
		{DF9E6CD1-8801-4F2D-9582-242269EFC69C}.Debug|Any CPU.ActiveCfg = Debug|Any CPU
		{DF9E6CD1-8801-4F2D-9582-242269EFC69C}.Debug|Any CPU.Build.0 = Debug|Any CPU
		{DF9E6CD1-8801-4F2D-9582-242269EFC69C}.Debug|x64.ActiveCfg = Debug|Any CPU
		{DF9E6CD1-8801-4F2D-9582-242269EFC69C}.Debug|x64.Build.0 = Debug|Any CPU
		{DF9E6CD1-8801-4F2D-9582-242269EFC69C}.Debug|x86.ActiveCfg = Debug|Any CPU
		{DF9E6CD1-8801-4F2D-9582-242269EFC69C}.Debug|x86.Build.0 = Debug|Any CPU
		{DF9E6CD1-8801-4F2D-9582-242269EFC69C}.Release|Any CPU.ActiveCfg = Release|Any CPU
		{DF9E6CD1-8801-4F2D-9582-242269EFC69C}.Release|Any CPU.Build.0 = Release|Any CPU
		{DF9E6CD1-8801-4F2D-9582-242269EFC69C}.Release|x64.ActiveCfg = Release|Any CPU
		{DF9E6CD1-8801-4F2D-9582-242269EFC69C}.Release|x64.Build.0 = Release|Any CPU
		{DF9E6CD1-8801-4F2D-9582-242269EFC69C}.Release|x86.ActiveCfg = Release|Any CPU
		{DF9E6CD1-8801-4F2D-9582-242269EFC69C}.Release|x86.Build.0 = Release|Any CPU
		{05110A58-BF59-44C8-8256-6602E8976A82}.Debug|Any CPU.ActiveCfg = Debug|Any CPU
		{05110A58-BF59-44C8-8256-6602E8976A82}.Debug|x64.ActiveCfg = Debug|Any CPU
		{05110A58-BF59-44C8-8256-6602E8976A82}.Debug|x86.ActiveCfg = Debug|Any CPU
		{05110A58-BF59-44C8-8256-6602E8976A82}.Release|Any CPU.ActiveCfg = Release|Any CPU
		{05110A58-BF59-44C8-8256-6602E8976A82}.Release|x64.ActiveCfg = Release|Any CPU
		{05110A58-BF59-44C8-8256-6602E8976A82}.Release|x86.ActiveCfg = Release|Any CPU
		{E197B153-D04F-4A2A-ADF4-B384F53301F0}.Debug|Any CPU.ActiveCfg = Debug|Any CPU
		{E197B153-D04F-4A2A-ADF4-B384F53301F0}.Debug|Any CPU.Build.0 = Debug|Any CPU
		{E197B153-D04F-4A2A-ADF4-B384F53301F0}.Debug|x64.ActiveCfg = Debug|Any CPU
		{E197B153-D04F-4A2A-ADF4-B384F53301F0}.Debug|x64.Build.0 = Debug|Any CPU
		{E197B153-D04F-4A2A-ADF4-B384F53301F0}.Debug|x86.ActiveCfg = Debug|Any CPU
		{E197B153-D04F-4A2A-ADF4-B384F53301F0}.Debug|x86.Build.0 = Debug|Any CPU
		{E197B153-D04F-4A2A-ADF4-B384F53301F0}.Release|Any CPU.ActiveCfg = Release|Any CPU
		{E197B153-D04F-4A2A-ADF4-B384F53301F0}.Release|Any CPU.Build.0 = Release|Any CPU
		{E197B153-D04F-4A2A-ADF4-B384F53301F0}.Release|x64.ActiveCfg = Release|Any CPU
		{E197B153-D04F-4A2A-ADF4-B384F53301F0}.Release|x64.Build.0 = Release|Any CPU
		{E197B153-D04F-4A2A-ADF4-B384F53301F0}.Release|x86.ActiveCfg = Release|Any CPU
		{E197B153-D04F-4A2A-ADF4-B384F53301F0}.Release|x86.Build.0 = Release|Any CPU
		{B01B903C-4DA3-4CEE-8EED-F5B3DD8DF567}.Debug|Any CPU.ActiveCfg = Debug|Win32
		{B01B903C-4DA3-4CEE-8EED-F5B3DD8DF567}.Debug|x64.ActiveCfg = Debug|x64
		{B01B903C-4DA3-4CEE-8EED-F5B3DD8DF567}.Debug|x64.Build.0 = Debug|x64
		{B01B903C-4DA3-4CEE-8EED-F5B3DD8DF567}.Debug|x86.ActiveCfg = Debug|Win32
		{B01B903C-4DA3-4CEE-8EED-F5B3DD8DF567}.Debug|x86.Build.0 = Debug|Win32
		{B01B903C-4DA3-4CEE-8EED-F5B3DD8DF567}.Release|Any CPU.ActiveCfg = Release|Win32
		{B01B903C-4DA3-4CEE-8EED-F5B3DD8DF567}.Release|x64.ActiveCfg = Release|x64
		{B01B903C-4DA3-4CEE-8EED-F5B3DD8DF567}.Release|x64.Build.0 = Release|x64
		{B01B903C-4DA3-4CEE-8EED-F5B3DD8DF567}.Release|x86.ActiveCfg = Release|Win32
		{B01B903C-4DA3-4CEE-8EED-F5B3DD8DF567}.Release|x86.Build.0 = Release|Win32
		{3CD9A86B-12C9-4383-A13E-B35C347F00C8}.Debug|Any CPU.ActiveCfg = Debug|Any CPU
		{3CD9A86B-12C9-4383-A13E-B35C347F00C8}.Debug|Any CPU.Build.0 = Debug|Any CPU
		{3CD9A86B-12C9-4383-A13E-B35C347F00C8}.Debug|x64.ActiveCfg = Debug|Any CPU
		{3CD9A86B-12C9-4383-A13E-B35C347F00C8}.Debug|x64.Build.0 = Debug|Any CPU
		{3CD9A86B-12C9-4383-A13E-B35C347F00C8}.Debug|x86.ActiveCfg = Debug|Any CPU
		{3CD9A86B-12C9-4383-A13E-B35C347F00C8}.Debug|x86.Build.0 = Debug|Any CPU
		{3CD9A86B-12C9-4383-A13E-B35C347F00C8}.Release|Any CPU.ActiveCfg = Release|Any CPU
		{3CD9A86B-12C9-4383-A13E-B35C347F00C8}.Release|Any CPU.Build.0 = Release|Any CPU
		{3CD9A86B-12C9-4383-A13E-B35C347F00C8}.Release|x64.ActiveCfg = Release|Any CPU
		{3CD9A86B-12C9-4383-A13E-B35C347F00C8}.Release|x64.Build.0 = Release|Any CPU
		{3CD9A86B-12C9-4383-A13E-B35C347F00C8}.Release|x86.ActiveCfg = Release|Any CPU
		{3CD9A86B-12C9-4383-A13E-B35C347F00C8}.Release|x86.Build.0 = Release|Any CPU
		{31474A3B-A7E4-424A-A85D-476359882582}.Debug|Any CPU.ActiveCfg = Debug|Win32
		{31474A3B-A7E4-424A-A85D-476359882582}.Debug|x64.ActiveCfg = Debug|x64
		{31474A3B-A7E4-424A-A85D-476359882582}.Debug|x64.Build.0 = Debug|x64
		{31474A3B-A7E4-424A-A85D-476359882582}.Debug|x86.ActiveCfg = Debug|Win32
		{31474A3B-A7E4-424A-A85D-476359882582}.Debug|x86.Build.0 = Debug|Win32
		{31474A3B-A7E4-424A-A85D-476359882582}.Release|Any CPU.ActiveCfg = Release|Win32
		{31474A3B-A7E4-424A-A85D-476359882582}.Release|x64.ActiveCfg = Release|x64
		{31474A3B-A7E4-424A-A85D-476359882582}.Release|x64.Build.0 = Release|x64
		{31474A3B-A7E4-424A-A85D-476359882582}.Release|x86.ActiveCfg = Release|Win32
		{31474A3B-A7E4-424A-A85D-476359882582}.Release|x86.Build.0 = Release|Win32
		{5C9B11DD-4276-4F68-A7F7-FFC24C743571}.Debug|Any CPU.ActiveCfg = Debug|Any CPU
		{5C9B11DD-4276-4F68-A7F7-FFC24C743571}.Debug|Any CPU.Build.0 = Debug|Any CPU
		{5C9B11DD-4276-4F68-A7F7-FFC24C743571}.Debug|x64.ActiveCfg = Debug|Any CPU
		{5C9B11DD-4276-4F68-A7F7-FFC24C743571}.Debug|x64.Build.0 = Debug|Any CPU
		{5C9B11DD-4276-4F68-A7F7-FFC24C743571}.Debug|x86.ActiveCfg = Debug|Any CPU
		{5C9B11DD-4276-4F68-A7F7-FFC24C743571}.Debug|x86.Build.0 = Debug|Any CPU
		{5C9B11DD-4276-4F68-A7F7-FFC24C743571}.Release|Any CPU.ActiveCfg = Release|Any CPU
		{5C9B11DD-4276-4F68-A7F7-FFC24C743571}.Release|Any CPU.Build.0 = Release|Any CPU
		{5C9B11DD-4276-4F68-A7F7-FFC24C743571}.Release|x64.ActiveCfg = Release|Any CPU
		{5C9B11DD-4276-4F68-A7F7-FFC24C743571}.Release|x64.Build.0 = Release|Any CPU
		{5C9B11DD-4276-4F68-A7F7-FFC24C743571}.Release|x86.ActiveCfg = Release|Any CPU
		{5C9B11DD-4276-4F68-A7F7-FFC24C743571}.Release|x86.Build.0 = Release|Any CPU
		{DD79CAB3-A6C7-4A64-973D-4283C63F798C}.Debug|Any CPU.ActiveCfg = Debug|Win32
		{DD79CAB3-A6C7-4A64-973D-4283C63F798C}.Debug|x64.ActiveCfg = Debug|x64
		{DD79CAB3-A6C7-4A64-973D-4283C63F798C}.Debug|x64.Build.0 = Debug|x64
		{DD79CAB3-A6C7-4A64-973D-4283C63F798C}.Debug|x86.ActiveCfg = Debug|Win32
		{DD79CAB3-A6C7-4A64-973D-4283C63F798C}.Debug|x86.Build.0 = Debug|Win32
		{DD79CAB3-A6C7-4A64-973D-4283C63F798C}.Release|Any CPU.ActiveCfg = Release|Win32
		{DD79CAB3-A6C7-4A64-973D-4283C63F798C}.Release|x64.ActiveCfg = Release|x64
		{DD79CAB3-A6C7-4A64-973D-4283C63F798C}.Release|x64.Build.0 = Release|x64
		{DD79CAB3-A6C7-4A64-973D-4283C63F798C}.Release|x86.ActiveCfg = Release|Win32
		{DD79CAB3-A6C7-4A64-973D-4283C63F798C}.Release|x86.Build.0 = Release|Win32
		{70EB7690-C6EE-479B-9284-10E8C64A51B0}.Debug|Any CPU.ActiveCfg = Debug|Any CPU
		{70EB7690-C6EE-479B-9284-10E8C64A51B0}.Debug|Any CPU.Build.0 = Debug|Any CPU
		{70EB7690-C6EE-479B-9284-10E8C64A51B0}.Debug|x64.ActiveCfg = Debug|Any CPU
		{70EB7690-C6EE-479B-9284-10E8C64A51B0}.Debug|x64.Build.0 = Debug|Any CPU
		{70EB7690-C6EE-479B-9284-10E8C64A51B0}.Debug|x86.ActiveCfg = Debug|Any CPU
		{70EB7690-C6EE-479B-9284-10E8C64A51B0}.Debug|x86.Build.0 = Debug|Any CPU
		{70EB7690-C6EE-479B-9284-10E8C64A51B0}.Release|Any CPU.ActiveCfg = Release|Any CPU
		{70EB7690-C6EE-479B-9284-10E8C64A51B0}.Release|Any CPU.Build.0 = Release|Any CPU
		{70EB7690-C6EE-479B-9284-10E8C64A51B0}.Release|x64.ActiveCfg = Release|Any CPU
		{70EB7690-C6EE-479B-9284-10E8C64A51B0}.Release|x64.Build.0 = Release|Any CPU
		{70EB7690-C6EE-479B-9284-10E8C64A51B0}.Release|x86.ActiveCfg = Release|Any CPU
		{70EB7690-C6EE-479B-9284-10E8C64A51B0}.Release|x86.Build.0 = Release|Any CPU
		{30FCD8B8-E8F1-439D-867A-1AC0A8531CB2}.Debug|Any CPU.ActiveCfg = Debug|Win32
		{30FCD8B8-E8F1-439D-867A-1AC0A8531CB2}.Debug|x64.ActiveCfg = Debug|x64
		{30FCD8B8-E8F1-439D-867A-1AC0A8531CB2}.Debug|x64.Build.0 = Debug|x64
		{30FCD8B8-E8F1-439D-867A-1AC0A8531CB2}.Debug|x86.ActiveCfg = Debug|Win32
		{30FCD8B8-E8F1-439D-867A-1AC0A8531CB2}.Debug|x86.Build.0 = Debug|Win32
		{30FCD8B8-E8F1-439D-867A-1AC0A8531CB2}.Release|Any CPU.ActiveCfg = Release|Win32
		{30FCD8B8-E8F1-439D-867A-1AC0A8531CB2}.Release|x64.ActiveCfg = Release|x64
		{30FCD8B8-E8F1-439D-867A-1AC0A8531CB2}.Release|x64.Build.0 = Release|x64
		{30FCD8B8-E8F1-439D-867A-1AC0A8531CB2}.Release|x86.ActiveCfg = Release|Win32
		{30FCD8B8-E8F1-439D-867A-1AC0A8531CB2}.Release|x86.Build.0 = Release|Win32
		{3E3898A0-876A-412C-85AE-2DA33E5B394D}.Debug|Any CPU.ActiveCfg = Debug|Any CPU
		{3E3898A0-876A-412C-85AE-2DA33E5B394D}.Debug|Any CPU.Build.0 = Debug|Any CPU
		{3E3898A0-876A-412C-85AE-2DA33E5B394D}.Debug|x64.ActiveCfg = Debug|Any CPU
		{3E3898A0-876A-412C-85AE-2DA33E5B394D}.Debug|x64.Build.0 = Debug|Any CPU
		{3E3898A0-876A-412C-85AE-2DA33E5B394D}.Debug|x86.ActiveCfg = Debug|Any CPU
		{3E3898A0-876A-412C-85AE-2DA33E5B394D}.Debug|x86.Build.0 = Debug|Any CPU
		{3E3898A0-876A-412C-85AE-2DA33E5B394D}.Release|Any CPU.ActiveCfg = Release|Any CPU
		{3E3898A0-876A-412C-85AE-2DA33E5B394D}.Release|Any CPU.Build.0 = Release|Any CPU
		{3E3898A0-876A-412C-85AE-2DA33E5B394D}.Release|x64.ActiveCfg = Release|Any CPU
		{3E3898A0-876A-412C-85AE-2DA33E5B394D}.Release|x64.Build.0 = Release|Any CPU
		{3E3898A0-876A-412C-85AE-2DA33E5B394D}.Release|x86.ActiveCfg = Release|Any CPU
		{3E3898A0-876A-412C-85AE-2DA33E5B394D}.Release|x86.Build.0 = Release|Any CPU
		{8C091214-A000-44CA-86EB-B7ABE4F19408}.Debug|Any CPU.ActiveCfg = Debug|Win32
		{8C091214-A000-44CA-86EB-B7ABE4F19408}.Debug|x64.ActiveCfg = Debug|x64
		{8C091214-A000-44CA-86EB-B7ABE4F19408}.Debug|x64.Build.0 = Debug|x64
		{8C091214-A000-44CA-86EB-B7ABE4F19408}.Debug|x86.ActiveCfg = Debug|Win32
		{8C091214-A000-44CA-86EB-B7ABE4F19408}.Debug|x86.Build.0 = Debug|Win32
		{8C091214-A000-44CA-86EB-B7ABE4F19408}.Release|Any CPU.ActiveCfg = Release|Win32
		{8C091214-A000-44CA-86EB-B7ABE4F19408}.Release|x64.ActiveCfg = Release|x64
		{8C091214-A000-44CA-86EB-B7ABE4F19408}.Release|x64.Build.0 = Release|x64
		{8C091214-A000-44CA-86EB-B7ABE4F19408}.Release|x86.ActiveCfg = Release|Win32
		{8C091214-A000-44CA-86EB-B7ABE4F19408}.Release|x86.Build.0 = Release|Win32
		{9D21438A-21D5-4F69-9531-E5547EDB10BB}.Debug|Any CPU.ActiveCfg = Debug|Any CPU
		{9D21438A-21D5-4F69-9531-E5547EDB10BB}.Debug|Any CPU.Build.0 = Debug|Any CPU
		{9D21438A-21D5-4F69-9531-E5547EDB10BB}.Debug|x64.ActiveCfg = Debug|Any CPU
		{9D21438A-21D5-4F69-9531-E5547EDB10BB}.Debug|x64.Build.0 = Debug|Any CPU
		{9D21438A-21D5-4F69-9531-E5547EDB10BB}.Debug|x86.ActiveCfg = Debug|Any CPU
		{9D21438A-21D5-4F69-9531-E5547EDB10BB}.Debug|x86.Build.0 = Debug|Any CPU
		{9D21438A-21D5-4F69-9531-E5547EDB10BB}.Release|Any CPU.ActiveCfg = Release|Any CPU
		{9D21438A-21D5-4F69-9531-E5547EDB10BB}.Release|Any CPU.Build.0 = Release|Any CPU
		{9D21438A-21D5-4F69-9531-E5547EDB10BB}.Release|x64.ActiveCfg = Release|Any CPU
		{9D21438A-21D5-4F69-9531-E5547EDB10BB}.Release|x64.Build.0 = Release|Any CPU
		{9D21438A-21D5-4F69-9531-E5547EDB10BB}.Release|x86.ActiveCfg = Release|Any CPU
		{9D21438A-21D5-4F69-9531-E5547EDB10BB}.Release|x86.Build.0 = Release|Any CPU
		{87E407B4-5356-4FC7-A194-C5362CE905AD}.Debug|Any CPU.ActiveCfg = Debug|Win32
		{87E407B4-5356-4FC7-A194-C5362CE905AD}.Debug|x64.ActiveCfg = Debug|x64
		{87E407B4-5356-4FC7-A194-C5362CE905AD}.Debug|x64.Build.0 = Debug|x64
		{87E407B4-5356-4FC7-A194-C5362CE905AD}.Debug|x86.ActiveCfg = Debug|Win32
		{87E407B4-5356-4FC7-A194-C5362CE905AD}.Debug|x86.Build.0 = Debug|Win32
		{87E407B4-5356-4FC7-A194-C5362CE905AD}.Release|Any CPU.ActiveCfg = Release|Win32
		{87E407B4-5356-4FC7-A194-C5362CE905AD}.Release|x64.ActiveCfg = Release|x64
		{87E407B4-5356-4FC7-A194-C5362CE905AD}.Release|x64.Build.0 = Release|x64
		{87E407B4-5356-4FC7-A194-C5362CE905AD}.Release|x86.ActiveCfg = Release|Win32
		{87E407B4-5356-4FC7-A194-C5362CE905AD}.Release|x86.Build.0 = Release|Win32
	EndGlobalSection
	GlobalSection(SolutionProperties) = preSolution
		HideSolutionNode = FALSE
	EndGlobalSection
	GlobalSection(NestedProjects) = preSolution
		{D236B6AE-4BD2-4F31-A5F3-7FA0BBBCCE6D} = {80106499-354E-4DD1-8F03-EC9A0C2D6977}
		{A7415CB2-B86E-4239-867A-94B7A288003F} = {80106499-354E-4DD1-8F03-EC9A0C2D6977}
		{7D125A5E-6F4B-4F35-8D73-48503C20C8C4} = {80106499-354E-4DD1-8F03-EC9A0C2D6977}
		{3F3BE8BD-FD66-4670-8F92-05EE97123E8C} = {80106499-354E-4DD1-8F03-EC9A0C2D6977}
		{F1A4926F-0B2B-4541-9D12-3E12356DF01D} = {80106499-354E-4DD1-8F03-EC9A0C2D6977}
		{E2E21E38-2BB5-47D4-AC0E-5EED9E4A26D7} = {343377FB-51B8-428B-BCB7-2B0D0C3EE65F}
		{8917CC10-7210-443E-BAF0-573A292A8B93} = {343377FB-51B8-428B-BCB7-2B0D0C3EE65F}
		{4CA8A7CD-8599-4EC4-8581-A6131C2185B0} = {343377FB-51B8-428B-BCB7-2B0D0C3EE65F}
		{0B089546-213A-4345-815C-7DC9DE7CBD5B} = {343377FB-51B8-428B-BCB7-2B0D0C3EE65F}
		{3D1D14B1-BC90-4332-B7E6-C87D47FEE395} = {343377FB-51B8-428B-BCB7-2B0D0C3EE65F}
		{9C51A203-6EC7-43DE-A28F-F249688A618F} = {343377FB-51B8-428B-BCB7-2B0D0C3EE65F}
		{109D0597-65CA-4DDE-BD18-BE6E5632C2D4} = {343377FB-51B8-428B-BCB7-2B0D0C3EE65F}
		{79A8151D-0C6F-4791-836F-5A64AEFC9BAB} = {154F334C-15C5-4884-99B7-1CAF456B0D90}
		{46FF31A9-44CE-4CFA-A754-8E2680E1FD5D} = {154F334C-15C5-4884-99B7-1CAF456B0D90}
		{49158F07-AC5C-4724-9FEE-C5B54F2AFB01} = {154F334C-15C5-4884-99B7-1CAF456B0D90}
		{B5EA6856-56DE-43A1-8098-5CF3F13D98E9} = {154F334C-15C5-4884-99B7-1CAF456B0D90}
		{EA84425B-A5D8-4E94-BE6C-580F6B61AEAA} = {154F334C-15C5-4884-99B7-1CAF456B0D90}
		{6C03EFE6-64BB-4427-804E-3F08FE0D68D1} = {154F334C-15C5-4884-99B7-1CAF456B0D90}
		{D090F48F-FA95-433B-AF8C-E8001213CE22} = {154F334C-15C5-4884-99B7-1CAF456B0D90}
		{39A55A62-F9D1-4CBB-9C47-537994142260} = {154F334C-15C5-4884-99B7-1CAF456B0D90}
		{DF9E6CD1-8801-4F2D-9582-242269EFC69C} = {154F334C-15C5-4884-99B7-1CAF456B0D90}
		{05110A58-BF59-44C8-8256-6602E8976A82} = {154F334C-15C5-4884-99B7-1CAF456B0D90}
		{E197B153-D04F-4A2A-ADF4-B384F53301F0} = {154F334C-15C5-4884-99B7-1CAF456B0D90}
		{B01B903C-4DA3-4CEE-8EED-F5B3DD8DF567} = {154F334C-15C5-4884-99B7-1CAF456B0D90}
		{3CD9A86B-12C9-4383-A13E-B35C347F00C8} = {154F334C-15C5-4884-99B7-1CAF456B0D90}
		{31474A3B-A7E4-424A-A85D-476359882582} = {154F334C-15C5-4884-99B7-1CAF456B0D90}
		{5C9B11DD-4276-4F68-A7F7-FFC24C743571} = {154F334C-15C5-4884-99B7-1CAF456B0D90}
		{DD79CAB3-A6C7-4A64-973D-4283C63F798C} = {154F334C-15C5-4884-99B7-1CAF456B0D90}
		{70EB7690-C6EE-479B-9284-10E8C64A51B0} = {154F334C-15C5-4884-99B7-1CAF456B0D90}
		{30FCD8B8-E8F1-439D-867A-1AC0A8531CB2} = {154F334C-15C5-4884-99B7-1CAF456B0D90}
		{3E3898A0-876A-412C-85AE-2DA33E5B394D} = {154F334C-15C5-4884-99B7-1CAF456B0D90}
		{8C091214-A000-44CA-86EB-B7ABE4F19408} = {154F334C-15C5-4884-99B7-1CAF456B0D90}
		{9D21438A-21D5-4F69-9531-E5547EDB10BB} = {154F334C-15C5-4884-99B7-1CAF456B0D90}
		{87E407B4-5356-4FC7-A194-C5362CE905AD} = {154F334C-15C5-4884-99B7-1CAF456B0D90}
	EndGlobalSection
EndGlobal
