
Microsoft Visual Studio Solution File, Format Version 12.00
# Visual Studio 15
VisualStudioVersion = 15.0.26430.14
MinimumVisualStudioVersion = 10.0.40219.1
Project("{8BC9CEB8-8B4A-11D0-8D11-00A0C91BC942}") = "cpptk-1.0.2-library", "cpptk-1.0.2-library.vcxproj", "{937475C7-EC8D-402A-947D-69B3350520C3}"
EndProject
Project("{8BC9CEB8-8B4A-11D0-8D11-00A0C91BC942}") = "example0", "example0.vcxproj", "{562C9F52-569F-483F-A61A-ECA52701DF05}"
	ProjectSection(ProjectDependencies) = postProject
		{937475C7-EC8D-402A-947D-69B3350520C3} = {937475C7-EC8D-402A-947D-69B3350520C3}
	EndProjectSection
EndProject
Project("{8BC9CEB8-8B4A-11D0-8D11-00A0C91BC942}") = "example1", "example1.vcxproj", "{743FF350-9407-4A8B-B730-6A18273452D1}"
	ProjectSection(ProjectDependencies) = postProject
		{937475C7-EC8D-402A-947D-69B3350520C3} = {937475C7-EC8D-402A-947D-69B3350520C3}
	EndProjectSection
EndProject
Project("{8BC9CEB8-8B4A-11D0-8D11-00A0C91BC942}") = "example3", "example3.vcxproj", "{0D8548CD-7E60-4EB7-BCD4-BDE7C8F8C191}"
	ProjectSection(ProjectDependencies) = postProject
		{937475C7-EC8D-402A-947D-69B3350520C3} = {937475C7-EC8D-402A-947D-69B3350520C3}
	EndProjectSection
EndProject
Project("{8BC9CEB8-8B4A-11D0-8D11-00A0C91BC942}") = "example2", "example2.vcxproj", "{18E191BA-7199-48DD-9823-0ACF617D41FE}"
	ProjectSection(ProjectDependencies) = postProject
		{937475C7-EC8D-402A-947D-69B3350520C3} = {937475C7-EC8D-402A-947D-69B3350520C3}
	EndProjectSection
EndProject
Project("{8BC9CEB8-8B4A-11D0-8D11-00A0C91BC942}") = "example4", "example4.vcxproj", "{F4866F85-CD46-4D87-9121-8C23B7176D7F}"
	ProjectSection(ProjectDependencies) = postProject
		{937475C7-EC8D-402A-947D-69B3350520C3} = {937475C7-EC8D-402A-947D-69B3350520C3}
	EndProjectSection
EndProject
Project("{8BC9CEB8-8B4A-11D0-8D11-00A0C91BC942}") = "example5", "example5.vcxproj", "{AC767F25-B508-4EBF-8F1B-924CDE0E08D0}"
	ProjectSection(ProjectDependencies) = postProject
		{937475C7-EC8D-402A-947D-69B3350520C3} = {937475C7-EC8D-402A-947D-69B3350520C3}
	EndProjectSection
EndProject
Project("{8BC9CEB8-8B4A-11D0-8D11-00A0C91BC942}") = "example6", "example6.vcxproj", "{9F903F9F-B0FF-45CE-918F-E1FFE99B3185}"
	ProjectSection(ProjectDependencies) = postProject
		{937475C7-EC8D-402A-947D-69B3350520C3} = {937475C7-EC8D-402A-947D-69B3350520C3}
	EndProjectSection
EndProject
Global
	GlobalSection(SolutionConfigurationPlatforms) = preSolution
		Debug|x64 = Debug|x64
		Debug|x86 = Debug|x86
		Release|x64 = Release|x64
		Release|x86 = Release|x86
	EndGlobalSection
	GlobalSection(ProjectConfigurationPlatforms) = postSolution
		{937475C7-EC8D-402A-947D-69B3350520C3}.Debug|x64.ActiveCfg = Debug|x64
		{937475C7-EC8D-402A-947D-69B3350520C3}.Debug|x64.Build.0 = Debug|x64
		{937475C7-EC8D-402A-947D-69B3350520C3}.Debug|x86.ActiveCfg = Debug|Win32
		{937475C7-EC8D-402A-947D-69B3350520C3}.Debug|x86.Build.0 = Debug|Win32
		{937475C7-EC8D-402A-947D-69B3350520C3}.Release|x64.ActiveCfg = Release|x64
		{937475C7-EC8D-402A-947D-69B3350520C3}.Release|x64.Build.0 = Release|x64
		{937475C7-EC8D-402A-947D-69B3350520C3}.Release|x86.ActiveCfg = Release|Win32
		{937475C7-EC8D-402A-947D-69B3350520C3}.Release|x86.Build.0 = Release|Win32
		{562C9F52-569F-483F-A61A-ECA52701DF05}.Debug|x64.ActiveCfg = Debug|x64
		{562C9F52-569F-483F-A61A-ECA52701DF05}.Debug|x64.Build.0 = Debug|x64
		{562C9F52-569F-483F-A61A-ECA52701DF05}.Debug|x86.ActiveCfg = Debug|Win32
		{562C9F52-569F-483F-A61A-ECA52701DF05}.Debug|x86.Build.0 = Debug|Win32
		{562C9F52-569F-483F-A61A-ECA52701DF05}.Release|x64.ActiveCfg = Release|x64
		{562C9F52-569F-483F-A61A-ECA52701DF05}.Release|x64.Build.0 = Release|x64
		{562C9F52-569F-483F-A61A-ECA52701DF05}.Release|x86.ActiveCfg = Release|Win32
		{562C9F52-569F-483F-A61A-ECA52701DF05}.Release|x86.Build.0 = Release|Win32
		{743FF350-9407-4A8B-B730-6A18273452D1}.Debug|x64.ActiveCfg = Debug|x64
		{743FF350-9407-4A8B-B730-6A18273452D1}.Debug|x64.Build.0 = Debug|x64
		{743FF350-9407-4A8B-B730-6A18273452D1}.Debug|x86.ActiveCfg = Debug|Win32
		{743FF350-9407-4A8B-B730-6A18273452D1}.Debug|x86.Build.0 = Debug|Win32
		{743FF350-9407-4A8B-B730-6A18273452D1}.Release|x64.ActiveCfg = Release|x64
		{743FF350-9407-4A8B-B730-6A18273452D1}.Release|x64.Build.0 = Release|x64
		{743FF350-9407-4A8B-B730-6A18273452D1}.Release|x86.ActiveCfg = Release|Win32
		{743FF350-9407-4A8B-B730-6A18273452D1}.Release|x86.Build.0 = Release|Win32
		{0D8548CD-7E60-4EB7-BCD4-BDE7C8F8C191}.Debug|x64.ActiveCfg = Debug|x64
		{0D8548CD-7E60-4EB7-BCD4-BDE7C8F8C191}.Debug|x64.Build.0 = Debug|x64
		{0D8548CD-7E60-4EB7-BCD4-BDE7C8F8C191}.Debug|x86.ActiveCfg = Debug|Win32
		{0D8548CD-7E60-4EB7-BCD4-BDE7C8F8C191}.Debug|x86.Build.0 = Debug|Win32
		{0D8548CD-7E60-4EB7-BCD4-BDE7C8F8C191}.Release|x64.ActiveCfg = Release|x64
		{0D8548CD-7E60-4EB7-BCD4-BDE7C8F8C191}.Release|x64.Build.0 = Release|x64
		{0D8548CD-7E60-4EB7-BCD4-BDE7C8F8C191}.Release|x86.ActiveCfg = Release|Win32
		{0D8548CD-7E60-4EB7-BCD4-BDE7C8F8C191}.Release|x86.Build.0 = Release|Win32
		{18E191BA-7199-48DD-9823-0ACF617D41FE}.Debug|x64.ActiveCfg = Debug|x64
		{18E191BA-7199-48DD-9823-0ACF617D41FE}.Debug|x64.Build.0 = Debug|x64
		{18E191BA-7199-48DD-9823-0ACF617D41FE}.Debug|x86.ActiveCfg = Debug|Win32
		{18E191BA-7199-48DD-9823-0ACF617D41FE}.Debug|x86.Build.0 = Debug|Win32
		{18E191BA-7199-48DD-9823-0ACF617D41FE}.Release|x64.ActiveCfg = Release|x64
		{18E191BA-7199-48DD-9823-0ACF617D41FE}.Release|x64.Build.0 = Release|x64
		{18E191BA-7199-48DD-9823-0ACF617D41FE}.Release|x86.ActiveCfg = Release|Win32
		{18E191BA-7199-48DD-9823-0ACF617D41FE}.Release|x86.Build.0 = Release|Win32
		{F4866F85-CD46-4D87-9121-8C23B7176D7F}.Debug|x64.ActiveCfg = Debug|x64
		{F4866F85-CD46-4D87-9121-8C23B7176D7F}.Debug|x64.Build.0 = Debug|x64
		{F4866F85-CD46-4D87-9121-8C23B7176D7F}.Debug|x86.ActiveCfg = Debug|Win32
		{F4866F85-CD46-4D87-9121-8C23B7176D7F}.Debug|x86.Build.0 = Debug|Win32
		{F4866F85-CD46-4D87-9121-8C23B7176D7F}.Release|x64.ActiveCfg = Release|x64
		{F4866F85-CD46-4D87-9121-8C23B7176D7F}.Release|x64.Build.0 = Release|x64
		{F4866F85-CD46-4D87-9121-8C23B7176D7F}.Release|x86.ActiveCfg = Release|Win32
		{F4866F85-CD46-4D87-9121-8C23B7176D7F}.Release|x86.Build.0 = Release|Win32
		{AC767F25-B508-4EBF-8F1B-924CDE0E08D0}.Debug|x64.ActiveCfg = Debug|x64
		{AC767F25-B508-4EBF-8F1B-924CDE0E08D0}.Debug|x64.Build.0 = Debug|x64
		{AC767F25-B508-4EBF-8F1B-924CDE0E08D0}.Debug|x86.ActiveCfg = Debug|Win32
		{AC767F25-B508-4EBF-8F1B-924CDE0E08D0}.Debug|x86.Build.0 = Debug|Win32
		{AC767F25-B508-4EBF-8F1B-924CDE0E08D0}.Release|x64.ActiveCfg = Release|x64
		{AC767F25-B508-4EBF-8F1B-924CDE0E08D0}.Release|x64.Build.0 = Release|x64
		{AC767F25-B508-4EBF-8F1B-924CDE0E08D0}.Release|x86.ActiveCfg = Release|Win32
		{AC767F25-B508-4EBF-8F1B-924CDE0E08D0}.Release|x86.Build.0 = Release|Win32
		{9F903F9F-B0FF-45CE-918F-E1FFE99B3185}.Debug|x64.ActiveCfg = Debug|x64
		{9F903F9F-B0FF-45CE-918F-E1FFE99B3185}.Debug|x64.Build.0 = Debug|x64
		{9F903F9F-B0FF-45CE-918F-E1FFE99B3185}.Debug|x86.ActiveCfg = Debug|Win32
		{9F903F9F-B0FF-45CE-918F-E1FFE99B3185}.Debug|x86.Build.0 = Debug|Win32
		{9F903F9F-B0FF-45CE-918F-E1FFE99B3185}.Release|x64.ActiveCfg = Release|x64
		{9F903F9F-B0FF-45CE-918F-E1FFE99B3185}.Release|x64.Build.0 = Release|x64
		{9F903F9F-B0FF-45CE-918F-E1FFE99B3185}.Release|x86.ActiveCfg = Release|Win32
		{9F903F9F-B0FF-45CE-918F-E1FFE99B3185}.Release|x86.Build.0 = Release|Win32
	EndGlobalSection
	GlobalSection(SolutionProperties) = preSolution
		HideSolutionNode = FALSE
	EndGlobalSection
EndGlobal
